// !$*UTF8*$!
{
	archiveVersion = 1;
	classes = {
	};
	objectVersion = 50;
	objects = {

/* Begin PBXBuildFile section */
		E918CC4421E3067B00013736 /* ItemListVC.swift in Sources */ = {isa = PBXBuildFile; fileRef = E918CC4321E3067B00013736 /* ItemListVC.swift */; };
		E92CFAAF21ED911D00BCA910 /* EditItemVC.swift in Sources */ = {isa = PBXBuildFile; fileRef = E92CFAAE21ED911D00BCA910 /* EditItemVC.swift */; };
		E93F537C2148B54900872B02 /* AppDelegate.swift in Sources */ = {isa = PBXBuildFile; fileRef = E93F537B2148B54900872B02 /* AppDelegate.swift */; };
		E93F537E2148B54900872B02 /* SingleDayVC.swift in Sources */ = {isa = PBXBuildFile; fileRef = E93F537D2148B54900872B02 /* SingleDayVC.swift */; };
		E93F53812148B54900872B02 /* Main.storyboard in Resources */ = {isa = PBXBuildFile; fileRef = E93F537F2148B54900872B02 /* Main.storyboard */; };
		E93F53832148B54B00872B02 /* Assets.xcassets in Resources */ = {isa = PBXBuildFile; fileRef = E93F53822148B54B00872B02 /* Assets.xcassets */; };
		E93F53862148B54B00872B02 /* LaunchScreen.storyboard in Resources */ = {isa = PBXBuildFile; fileRef = E93F53842148B54B00872B02 /* LaunchScreen.storyboard */; };
		E93F53912148B54B00872B02 /* CallowTests.swift in Sources */ = {isa = PBXBuildFile; fileRef = E93F53902148B54B00872B02 /* CallowTests.swift */; };
		E93F539C2148B54B00872B02 /* CallowUITests.swift in Sources */ = {isa = PBXBuildFile; fileRef = E93F539B2148B54B00872B02 /* CallowUITests.swift */; };
		E93F53AA2148BC7100872B02 /* AddItemVC.swift in Sources */ = {isa = PBXBuildFile; fileRef = E93F53A92148BC7100872B02 /* AddItemVC.swift */; };
		E94CC6D421494FCF00F66ACA /* Callow.xcdatamodel in Sources */ = {isa = PBXBuildFile; fileRef = E94CC6D321494FCF00F66ACA /* Callow.xcdatamodel */; };
		E94CC6D6214950B800F66ACA /* DataManager.swift in Sources */ = {isa = PBXBuildFile; fileRef = E94CC6D5214950B800F66ACA /* DataManager.swift */; };
		E985670A214D5F2300A1C450 /* ItemDetailsVC.swift in Sources */ = {isa = PBXBuildFile; fileRef = E9856709214D5F2300A1C450 /* ItemDetailsVC.swift */; };
		E9C7FACA21E1B3AE00066B85 /* UpcomingVC.swift in Sources */ = {isa = PBXBuildFile; fileRef = E9C7FAC921E1B3AE00066B85 /* UpcomingVC.swift */; };
		E9FB0FC921DC691700CE2C3F /* ViewController.swift in Sources */ = {isa = PBXBuildFile; fileRef = E9FB0FC821DC691700CE2C3F /* ViewController.swift */; };
/* End PBXBuildFile section */

/* Begin PBXContainerItemProxy section */
		E93F538D2148B54B00872B02 /* PBXContainerItemProxy */ = {
			isa = PBXContainerItemProxy;
			containerPortal = E93F53702148B54900872B02 /* Project object */;
			proxyType = 1;
			remoteGlobalIDString = E93F53772148B54900872B02;
			remoteInfo = Callow;
		};
		E93F53982148B54B00872B02 /* PBXContainerItemProxy */ = {
			isa = PBXContainerItemProxy;
			containerPortal = E93F53702148B54900872B02 /* Project object */;
			proxyType = 1;
			remoteGlobalIDString = E93F53772148B54900872B02;
			remoteInfo = Callow;
		};
/* End PBXContainerItemProxy section */

/* Begin PBXFileReference section */
		E918CC4321E3067B00013736 /* ItemListVC.swift */ = {isa = PBXFileReference; lastKnownFileType = sourcecode.swift; path = ItemListVC.swift; sourceTree = "<group>"; };
		E92CFAAE21ED911D00BCA910 /* EditItemVC.swift */ = {isa = PBXFileReference; lastKnownFileType = sourcecode.swift; path = EditItemVC.swift; sourceTree = "<group>"; };
		E93F53782148B54900872B02 /* Callow.app */ = {isa = PBXFileReference; explicitFileType = wrapper.application; includeInIndex = 0; path = Callow.app; sourceTree = BUILT_PRODUCTS_DIR; };
		E93F537B2148B54900872B02 /* AppDelegate.swift */ = {isa = PBXFileReference; lastKnownFileType = sourcecode.swift; path = AppDelegate.swift; sourceTree = "<group>"; };
		E93F537D2148B54900872B02 /* SingleDayVC.swift */ = {isa = PBXFileReference; lastKnownFileType = sourcecode.swift; path = SingleDayVC.swift; sourceTree = "<group>"; };
		E93F53802148B54900872B02 /* Base */ = {isa = PBXFileReference; lastKnownFileType = file.storyboard; name = Base; path = Base.lproj/Main.storyboard; sourceTree = "<group>"; };
		E93F53822148B54B00872B02 /* Assets.xcassets */ = {isa = PBXFileReference; lastKnownFileType = folder.assetcatalog; path = Assets.xcassets; sourceTree = "<group>"; };
		E93F53852148B54B00872B02 /* Base */ = {isa = PBXFileReference; lastKnownFileType = file.storyboard; name = Base; path = Base.lproj/LaunchScreen.storyboard; sourceTree = "<group>"; };
		E93F53872148B54B00872B02 /* Info.plist */ = {isa = PBXFileReference; lastKnownFileType = text.plist.xml; path = Info.plist; sourceTree = "<group>"; };
		E93F538C2148B54B00872B02 /* CallowTests.xctest */ = {isa = PBXFileReference; explicitFileType = wrapper.cfbundle; includeInIndex = 0; path = CallowTests.xctest; sourceTree = BUILT_PRODUCTS_DIR; };
		E93F53902148B54B00872B02 /* CallowTests.swift */ = {isa = PBXFileReference; lastKnownFileType = sourcecode.swift; path = CallowTests.swift; sourceTree = "<group>"; };
		E93F53922148B54B00872B02 /* Info.plist */ = {isa = PBXFileReference; lastKnownFileType = text.plist.xml; path = Info.plist; sourceTree = "<group>"; };
		E93F53972148B54B00872B02 /* CallowUITests.xctest */ = {isa = PBXFileReference; explicitFileType = wrapper.cfbundle; includeInIndex = 0; path = CallowUITests.xctest; sourceTree = BUILT_PRODUCTS_DIR; };
		E93F539B2148B54B00872B02 /* CallowUITests.swift */ = {isa = PBXFileReference; lastKnownFileType = sourcecode.swift; path = CallowUITests.swift; sourceTree = "<group>"; };
		E93F539D2148B54B00872B02 /* Info.plist */ = {isa = PBXFileReference; lastKnownFileType = text.plist.xml; path = Info.plist; sourceTree = "<group>"; };
		E93F53A92148BC7100872B02 /* AddItemVC.swift */ = {isa = PBXFileReference; lastKnownFileType = sourcecode.swift; path = AddItemVC.swift; sourceTree = "<group>"; };
		E94CC6D321494FCF00F66ACA /* Callow.xcdatamodel */ = {isa = PBXFileReference; lastKnownFileType = wrapper.xcdatamodel; path = Callow.xcdatamodel; sourceTree = "<group>"; };
		E94CC6D5214950B800F66ACA /* DataManager.swift */ = {isa = PBXFileReference; lastKnownFileType = sourcecode.swift; path = DataManager.swift; sourceTree = "<group>"; };
		E9856708214D5A6E00A1C450 /* README.md */ = {isa = PBXFileReference; lastKnownFileType = net.daringfireball.markdown; path = README.md; sourceTree = "<group>"; };
		E9856709214D5F2300A1C450 /* ItemDetailsVC.swift */ = {isa = PBXFileReference; lastKnownFileType = sourcecode.swift; path = ItemDetailsVC.swift; sourceTree = "<group>"; };
		E9C7FAC921E1B3AE00066B85 /* UpcomingVC.swift */ = {isa = PBXFileReference; lastKnownFileType = sourcecode.swift; path = UpcomingVC.swift; sourceTree = "<group>"; };
		E9FB0FC821DC691700CE2C3F /* ViewController.swift */ = {isa = PBXFileReference; lastKnownFileType = sourcecode.swift; path = ViewController.swift; sourceTree = "<group>"; };
/* End PBXFileReference section */

/* Begin PBXFrameworksBuildPhase section */
		E93F53752148B54900872B02 /* Frameworks */ = {
			isa = PBXFrameworksBuildPhase;
			buildActionMask = 2147483647;
			files = (
			);
			runOnlyForDeploymentPostprocessing = 0;
		};
		E93F53892148B54B00872B02 /* Frameworks */ = {
			isa = PBXFrameworksBuildPhase;
			buildActionMask = 2147483647;
			files = (
			);
			runOnlyForDeploymentPostprocessing = 0;
		};
		E93F53942148B54B00872B02 /* Frameworks */ = {
			isa = PBXFrameworksBuildPhase;
			buildActionMask = 2147483647;
			files = (
			);
			runOnlyForDeploymentPostprocessing = 0;
		};
/* End PBXFrameworksBuildPhase section */

/* Begin PBXGroup section */
		E93F536F2148B54900872B02 = {
			isa = PBXGroup;
			children = (
				E9856708214D5A6E00A1C450 /* README.md */,
				E93F537A2148B54900872B02 /* Callow */,
				E93F538F2148B54B00872B02 /* CallowTests */,
				E93F539A2148B54B00872B02 /* CallowUITests */,
				E93F53792148B54900872B02 /* Products */,
			);
			sourceTree = "<group>";
		};
		E93F53792148B54900872B02 /* Products */ = {
			isa = PBXGroup;
			children = (
				E93F53782148B54900872B02 /* Callow.app */,
				E93F538C2148B54B00872B02 /* CallowTests.xctest */,
				E93F53972148B54B00872B02 /* CallowUITests.xctest */,
			);
			name = Products;
			sourceTree = "<group>";
		};
		E93F537A2148B54900872B02 /* Callow */ = {
			isa = PBXGroup;
			children = (
				E93F537B2148B54900872B02 /* AppDelegate.swift */,
				E94CC6D321494FCF00F66ACA /* Callow.xcdatamodel */,
				E94CC6D5214950B800F66ACA /* DataManager.swift */,
				E918CC4321E3067B00013736 /* ItemListVC.swift */,
				E93F537D2148B54900872B02 /* SingleDayVC.swift */,
				E9FB0FC821DC691700CE2C3F /* ViewController.swift */,
				E93F537F2148B54900872B02 /* Main.storyboard */,
				E9C7FAC921E1B3AE00066B85 /* UpcomingVC.swift */,
				E9856709214D5F2300A1C450 /* ItemDetailsVC.swift */,
				E93F53A92148BC7100872B02 /* AddItemVC.swift */,
				E92CFAAE21ED911D00BCA910 /* EditItemVC.swift */,
				E93F53822148B54B00872B02 /* Assets.xcassets */,
				E93F53842148B54B00872B02 /* LaunchScreen.storyboard */,
				E93F53872148B54B00872B02 /* Info.plist */,
			);
			path = Callow;
			sourceTree = "<group>";
		};
		E93F538F2148B54B00872B02 /* CallowTests */ = {
			isa = PBXGroup;
			children = (
				E93F53902148B54B00872B02 /* CallowTests.swift */,
				E93F53922148B54B00872B02 /* Info.plist */,
			);
			path = CallowTests;
			sourceTree = "<group>";
		};
		E93F539A2148B54B00872B02 /* CallowUITests */ = {
			isa = PBXGroup;
			children = (
				E93F539B2148B54B00872B02 /* CallowUITests.swift */,
				E93F539D2148B54B00872B02 /* Info.plist */,
			);
			path = CallowUITests;
			sourceTree = "<group>";
		};
/* End PBXGroup section */

/* Begin PBXNativeTarget section */
		E93F53772148B54900872B02 /* Callow */ = {
			isa = PBXNativeTarget;
			buildConfigurationList = E93F53A02148B54B00872B02 /* Build configuration list for PBXNativeTarget "Callow" */;
			buildPhases = (
				E93F53742148B54900872B02 /* Sources */,
				E93F53752148B54900872B02 /* Frameworks */,
				E93F53762148B54900872B02 /* Resources */,
			);
			buildRules = (
			);
			dependencies = (
			);
			name = Callow;
			productName = Callow;
			productReference = E93F53782148B54900872B02 /* Callow.app */;
			productType = "com.apple.product-type.application";
		};
		E93F538B2148B54B00872B02 /* CallowTests */ = {
			isa = PBXNativeTarget;
			buildConfigurationList = E93F53A32148B54B00872B02 /* Build configuration list for PBXNativeTarget "CallowTests" */;
			buildPhases = (
				E93F53882148B54B00872B02 /* Sources */,
				E93F53892148B54B00872B02 /* Frameworks */,
				E93F538A2148B54B00872B02 /* Resources */,
			);
			buildRules = (
			);
			dependencies = (
				E93F538E2148B54B00872B02 /* PBXTargetDependency */,
			);
			name = CallowTests;
			productName = CallowTests;
			productReference = E93F538C2148B54B00872B02 /* CallowTests.xctest */;
			productType = "com.apple.product-type.bundle.unit-test";
		};
		E93F53962148B54B00872B02 /* CallowUITests */ = {
			isa = PBXNativeTarget;
			buildConfigurationList = E93F53A62148B54B00872B02 /* Build configuration list for PBXNativeTarget "CallowUITests" */;
			buildPhases = (
				E93F53932148B54B00872B02 /* Sources */,
				E93F53942148B54B00872B02 /* Frameworks */,
				E93F53952148B54B00872B02 /* Resources */,
			);
			buildRules = (
			);
			dependencies = (
				E93F53992148B54B00872B02 /* PBXTargetDependency */,
			);
			name = CallowUITests;
			productName = CallowUITests;
			productReference = E93F53972148B54B00872B02 /* CallowUITests.xctest */;
			productType = "com.apple.product-type.bundle.ui-testing";
		};
/* End PBXNativeTarget section */

/* Begin PBXProject section */
		E93F53702148B54900872B02 /* Project object */ = {
			isa = PBXProject;
			attributes = {
				LastSwiftUpdateCheck = 0940;
				LastUpgradeCheck = 0940;
				ORGANIZATIONNAME = "Thomas Smith";
				TargetAttributes = {
					E93F53772148B54900872B02 = {
						CreatedOnToolsVersion = 9.4.1;
						LastSwiftMigration = 1000;
					};
					E93F538B2148B54B00872B02 = {
						CreatedOnToolsVersion = 9.4.1;
						LastSwiftMigration = 1000;
						TestTargetID = E93F53772148B54900872B02;
					};
					E93F53962148B54B00872B02 = {
						CreatedOnToolsVersion = 9.4.1;
						LastSwiftMigration = 1000;
						TestTargetID = E93F53772148B54900872B02;
					};
				};
			};
			buildConfigurationList = E93F53732148B54900872B02 /* Build configuration list for PBXProject "Callow" */;
			compatibilityVersion = "Xcode 9.3";
			developmentRegion = en;
			hasScannedForEncodings = 0;
			knownRegions = (
				en,
				Base,
			);
			mainGroup = E93F536F2148B54900872B02;
			productRefGroup = E93F53792148B54900872B02 /* Products */;
			projectDirPath = "";
			projectRoot = "";
			targets = (
				E93F53772148B54900872B02 /* Callow */,
				E93F538B2148B54B00872B02 /* CallowTests */,
				E93F53962148B54B00872B02 /* CallowUITests */,
			);
		};
/* End PBXProject section */

/* Begin PBXResourcesBuildPhase section */
		E93F53762148B54900872B02 /* Resources */ = {
			isa = PBXResourcesBuildPhase;
			buildActionMask = 2147483647;
			files = (
				E93F53862148B54B00872B02 /* LaunchScreen.storyboard in Resources */,
				E93F53832148B54B00872B02 /* Assets.xcassets in Resources */,
				E93F53812148B54900872B02 /* Main.storyboard in Resources */,
			);
			runOnlyForDeploymentPostprocessing = 0;
		};
		E93F538A2148B54B00872B02 /* Resources */ = {
			isa = PBXResourcesBuildPhase;
			buildActionMask = 2147483647;
			files = (
			);
			runOnlyForDeploymentPostprocessing = 0;
		};
		E93F53952148B54B00872B02 /* Resources */ = {
			isa = PBXResourcesBuildPhase;
			buildActionMask = 2147483647;
			files = (
			);
			runOnlyForDeploymentPostprocessing = 0;
		};
/* End PBXResourcesBuildPhase section */

/* Begin PBXSourcesBuildPhase section */
		E93F53742148B54900872B02 /* Sources */ = {
			isa = PBXSourcesBuildPhase;
			buildActionMask = 2147483647;
			files = (
				E94CC6D421494FCF00F66ACA /* Callow.xcdatamodel in Sources */,
				E918CC4421E3067B00013736 /* ItemListVC.swift in Sources */,
				E985670A214D5F2300A1C450 /* ItemDetailsVC.swift in Sources */,
				E94CC6D6214950B800F66ACA /* DataManager.swift in Sources */,
				E9C7FACA21E1B3AE00066B85 /* UpcomingVC.swift in Sources */,
				E93F537E2148B54900872B02 /* SingleDayVC.swift in Sources */,
				E93F53AA2148BC7100872B02 /* AddItemVC.swift in Sources */,
				E9FB0FC921DC691700CE2C3F /* ViewController.swift in Sources */,
				E93F537C2148B54900872B02 /* AppDelegate.swift in Sources */,
				E92CFAAF21ED911D00BCA910 /* EditItemVC.swift in Sources */,
			);
			runOnlyForDeploymentPostprocessing = 0;
		};
		E93F53882148B54B00872B02 /* Sources */ = {
			isa = PBXSourcesBuildPhase;
			buildActionMask = 2147483647;
			files = (
				E93F53912148B54B00872B02 /* CallowTests.swift in Sources */,
			);
			runOnlyForDeploymentPostprocessing = 0;
		};
		E93F53932148B54B00872B02 /* Sources */ = {
			isa = PBXSourcesBuildPhase;
			buildActionMask = 2147483647;
			files = (
				E93F539C2148B54B00872B02 /* CallowUITests.swift in Sources */,
			);
			runOnlyForDeploymentPostprocessing = 0;
		};
/* End PBXSourcesBuildPhase section */

/* Begin PBXTargetDependency section */
		E93F538E2148B54B00872B02 /* PBXTargetDependency */ = {
			isa = PBXTargetDependency;
			target = E93F53772148B54900872B02 /* Callow */;
			targetProxy = E93F538D2148B54B00872B02 /* PBXContainerItemProxy */;
		};
		E93F53992148B54B00872B02 /* PBXTargetDependency */ = {
			isa = PBXTargetDependency;
			target = E93F53772148B54900872B02 /* Callow */;
			targetProxy = E93F53982148B54B00872B02 /* PBXContainerItemProxy */;
		};
/* End PBXTargetDependency section */

/* Begin PBXVariantGroup section */
		E93F537F2148B54900872B02 /* Main.storyboard */ = {
			isa = PBXVariantGroup;
			children = (
				E93F53802148B54900872B02 /* Base */,
			);
			name = Main.storyboard;
			sourceTree = "<group>";
		};
		E93F53842148B54B00872B02 /* LaunchScreen.storyboard */ = {
			isa = PBXVariantGroup;
			children = (
				E93F53852148B54B00872B02 /* Base */,
			);
			name = LaunchScreen.storyboard;
			sourceTree = "<group>";
		};
/* End PBXVariantGroup section */

/* Begin XCBuildConfiguration section */
		E93F539E2148B54B00872B02 /* Debug */ = {
			isa = XCBuildConfiguration;
			buildSettings = {
				ALWAYS_SEARCH_USER_PATHS = NO;
				CLANG_ANALYZER_NONNULL = YES;
				CLANG_ANALYZER_NUMBER_OBJECT_CONVERSION = YES_AGGRESSIVE;
				CLANG_CXX_LANGUAGE_STANDARD = "gnu++14";
				CLANG_CXX_LIBRARY = "libc++";
				CLANG_ENABLE_MODULES = YES;
				CLANG_ENABLE_OBJC_ARC = YES;
				CLANG_ENABLE_OBJC_WEAK = YES;
				CLANG_WARN_BLOCK_CAPTURE_AUTORELEASING = YES;
				CLANG_WARN_BOOL_CONVERSION = YES;
				CLANG_WARN_COMMA = YES;
				CLANG_WARN_CONSTANT_CONVERSION = YES;
				CLANG_WARN_DEPRECATED_OBJC_IMPLEMENTATIONS = YES;
				CLANG_WARN_DIRECT_OBJC_ISA_USAGE = YES_ERROR;
				CLANG_WARN_DOCUMENTATION_COMMENTS = YES;
				CLANG_WARN_EMPTY_BODY = YES;
				CLANG_WARN_ENUM_CONVERSION = YES;
				CLANG_WARN_INFINITE_RECURSION = YES;
				CLANG_WARN_INT_CONVERSION = YES;
				CLANG_WARN_NON_LITERAL_NULL_CONVERSION = YES;
				CLANG_WARN_OBJC_IMPLICIT_RETAIN_SELF = YES;
				CLANG_WARN_OBJC_LITERAL_CONVERSION = YES;
				CLANG_WARN_OBJC_ROOT_CLASS = YES_ERROR;
				CLANG_WARN_RANGE_LOOP_ANALYSIS = YES;
				CLANG_WARN_STRICT_PROTOTYPES = YES;
				CLANG_WARN_SUSPICIOUS_MOVE = YES;
				CLANG_WARN_UNGUARDED_AVAILABILITY = YES_AGGRESSIVE;
				CLANG_WARN_UNREACHABLE_CODE = YES;
				CLANG_WARN__DUPLICATE_METHOD_MATCH = YES;
				CODE_SIGN_IDENTITY = "iPhone Developer";
				COPY_PHASE_STRIP = NO;
				DEBUG_INFORMATION_FORMAT = dwarf;
				ENABLE_STRICT_OBJC_MSGSEND = YES;
				ENABLE_TESTABILITY = YES;
				GCC_C_LANGUAGE_STANDARD = gnu11;
				GCC_DYNAMIC_NO_PIC = NO;
				GCC_NO_COMMON_BLOCKS = YES;
				GCC_OPTIMIZATION_LEVEL = 0;
				GCC_PREPROCESSOR_DEFINITIONS = (
					"DEBUG=1",
					"$(inherited)",
				);
				GCC_WARN_64_TO_32_BIT_CONVERSION = YES;
				GCC_WARN_ABOUT_RETURN_TYPE = YES_ERROR;
				GCC_WARN_UNDECLARED_SELECTOR = YES;
				GCC_WARN_UNINITIALIZED_AUTOS = YES_AGGRESSIVE;
				GCC_WARN_UNUSED_FUNCTION = YES;
				GCC_WARN_UNUSED_VARIABLE = YES;
				IPHONEOS_DEPLOYMENT_TARGET = 11.4;
				MTL_ENABLE_DEBUG_INFO = YES;
				ONLY_ACTIVE_ARCH = YES;
				SDKROOT = iphoneos;
				SWIFT_ACTIVE_COMPILATION_CONDITIONS = DEBUG;
				SWIFT_OPTIMIZATION_LEVEL = "-Onone";
			};
			name = Debug;
		};
		E93F539F2148B54B00872B02 /* Release */ = {
			isa = XCBuildConfiguration;
			buildSettings = {
				ALWAYS_SEARCH_USER_PATHS = NO;
				CLANG_ANALYZER_NONNULL = YES;
				CLANG_ANALYZER_NUMBER_OBJECT_CONVERSION = YES_AGGRESSIVE;
				CLANG_CXX_LANGUAGE_STANDARD = "gnu++14";
				CLANG_CXX_LIBRARY = "libc++";
				CLANG_ENABLE_MODULES = YES;
				CLANG_ENABLE_OBJC_ARC = YES;
				CLANG_ENABLE_OBJC_WEAK = YES;
				CLANG_WARN_BLOCK_CAPTURE_AUTORELEASING = YES;
				CLANG_WARN_BOOL_CONVERSION = YES;
				CLANG_WARN_COMMA = YES;
				CLANG_WARN_CONSTANT_CONVERSION = YES;
				CLANG_WARN_DEPRECATED_OBJC_IMPLEMENTATIONS = YES;
				CLANG_WARN_DIRECT_OBJC_ISA_USAGE = YES_ERROR;
				CLANG_WARN_DOCUMENTATION_COMMENTS = YES;
				CLANG_WARN_EMPTY_BODY = YES;
				CLANG_WARN_ENUM_CONVERSION = YES;
				CLANG_WARN_INFINITE_RECURSION = YES;
				CLANG_WARN_INT_CONVERSION = YES;
				CLANG_WARN_NON_LITERAL_NULL_CONVERSION = YES;
				CLANG_WARN_OBJC_IMPLICIT_RETAIN_SELF = YES;
				CLANG_WARN_OBJC_LITERAL_CONVERSION = YES;
				CLANG_WARN_OBJC_ROOT_CLASS = YES_ERROR;
				CLANG_WARN_RANGE_LOOP_ANALYSIS = YES;
				CLANG_WARN_STRICT_PROTOTYPES = YES;
				CLANG_WARN_SUSPICIOUS_MOVE = YES;
				CLANG_WARN_UNGUARDED_AVAILABILITY = YES_AGGRESSIVE;
				CLANG_WARN_UNREACHABLE_CODE = YES;
				CLANG_WARN__DUPLICATE_METHOD_MATCH = YES;
				CODE_SIGN_IDENTITY = "iPhone Developer";
				COPY_PHASE_STRIP = NO;
				DEBUG_INFORMATION_FORMAT = "dwarf-with-dsym";
				ENABLE_NS_ASSERTIONS = NO;
				ENABLE_STRICT_OBJC_MSGSEND = YES;
				GCC_C_LANGUAGE_STANDARD = gnu11;
				GCC_NO_COMMON_BLOCKS = YES;
				GCC_WARN_64_TO_32_BIT_CONVERSION = YES;
				GCC_WARN_ABOUT_RETURN_TYPE = YES_ERROR;
				GCC_WARN_UNDECLARED_SELECTOR = YES;
				GCC_WARN_UNINITIALIZED_AUTOS = YES_AGGRESSIVE;
				GCC_WARN_UNUSED_FUNCTION = YES;
				GCC_WARN_UNUSED_VARIABLE = YES;
				IPHONEOS_DEPLOYMENT_TARGET = 11.4;
				MTL_ENABLE_DEBUG_INFO = NO;
				SDKROOT = iphoneos;
				SWIFT_COMPILATION_MODE = wholemodule;
				SWIFT_OPTIMIZATION_LEVEL = "-O";
				VALIDATE_PRODUCT = YES;
			};
			name = Release;
		};
		E93F53A12148B54B00872B02 /* Debug */ = {
			isa = XCBuildConfiguration;
			buildSettings = {
				ASSETCATALOG_COMPILER_APPICON_NAME = AppIcon;
				CODE_SIGN_STYLE = Automatic;
				INFOPLIST_FILE = Callow/Info.plist;
				LD_RUNPATH_SEARCH_PATHS = (
					"$(inherited)",
					"@executable_path/Frameworks",
				);
				PRODUCT_BUNDLE_IDENTIFIER = io.github.thomasebsmith.Callow;
				PRODUCT_NAME = "$(TARGET_NAME)";
				SWIFT_VERSION = 4.2;
				TARGETED_DEVICE_FAMILY = "1,2";
			};
			name = Debug;
		};
		E93F53A22148B54B00872B02 /* Release */ = {
			isa = XCBuildConfiguration;
			buildSettings = {
				ASSETCATALOG_COMPILER_APPICON_NAME = AppIcon;
				CODE_SIGN_STYLE = Automatic;
				INFOPLIST_FILE = Callow/Info.plist;
				LD_RUNPATH_SEARCH_PATHS = (
					"$(inherited)",
					"@executable_path/Frameworks",
				);
				PRODUCT_BUNDLE_IDENTIFIER = io.github.thomasebsmith.Callow;
				PRODUCT_NAME = "$(TARGET_NAME)";
				SWIFT_VERSION = 4.2;
				TARGETED_DEVICE_FAMILY = "1,2";
			};
			name = Release;
		};
		E93F53A42148B54B00872B02 /* Debug */ = {
			isa = XCBuildConfiguration;
			buildSettings = {
				ALWAYS_EMBED_SWIFT_STANDARD_LIBRARIES = YES;
				BUNDLE_LOADER = "$(TEST_HOST)";
				CODE_SIGN_STYLE = Automatic;
				INFOPLIST_FILE = CallowTests/Info.plist;
				LD_RUNPATH_SEARCH_PATHS = (
					"$(inherited)",
					"@executable_path/Frameworks",
					"@loader_path/Frameworks",
				);
				PRODUCT_BUNDLE_IDENTIFIER = io.github.thomasebsmith.CallowTests;
				PRODUCT_NAME = "$(TARGET_NAME)";
				SWIFT_VERSION = 4.2;
				TARGETED_DEVICE_FAMILY = "1,2";
				TEST_HOST = "$(BUILT_PRODUCTS_DIR)/Callow.app/Callow";
			};
			name = Debug;
		};
		E93F53A52148B54B00872B02 /* Release */ = {
			isa = XCBuildConfiguration;
			buildSettings = {
				ALWAYS_EMBED_SWIFT_STANDARD_LIBRARIES = YES;
				BUNDLE_LOADER = "$(TEST_HOST)";
				CODE_SIGN_STYLE = Automatic;
				INFOPLIST_FILE = CallowTests/Info.plist;
				LD_RUNPATH_SEARCH_PATHS = (
					"$(inherited)",
					"@executable_path/Frameworks",
					"@loader_path/Frameworks",
				);
				PRODUCT_BUNDLE_IDENTIFIER = io.github.thomasebsmith.CallowTests;
				PRODUCT_NAME = "$(TARGET_NAME)";
				SWIFT_VERSION = 4.2;
				TARGETED_DEVICE_FAMILY = "1,2";
				TEST_HOST = "$(BUILT_PRODUCTS_DIR)/Callow.app/Callow";
			};
			name = Release;
		};
		E93F53A72148B54B00872B02 /* Debug */ = {
			isa = XCBuildConfiguration;
			buildSettings = {
				ALWAYS_EMBED_SWIFT_STANDARD_LIBRARIES = YES;
				CODE_SIGN_STYLE = Automatic;
				INFOPLIST_FILE = CallowUITests/Info.plist;
				LD_RUNPATH_SEARCH_PATHS = (
					"$(inherited)",
					"@executable_path/Frameworks",
					"@loader_path/Frameworks",
				);
				PRODUCT_BUNDLE_IDENTIFIER = io.github.thomasebsmith.CallowUITests;
				PRODUCT_NAME = "$(TARGET_NAME)";
				SWIFT_VERSION = 4.2;
				TARGETED_DEVICE_FAMILY = "1,2";
				TEST_TARGET_NAME = Callow;
			};
			name = Debug;
		};
		E93F53A82148B54B00872B02 /* Release */ = {
			isa = XCBuildConfiguration;
			buildSettings = {
				ALWAYS_EMBED_SWIFT_STANDARD_LIBRARIES = YES;
				CODE_SIGN_STYLE = Automatic;
				INFOPLIST_FILE = CallowUITests/Info.plist;
				LD_RUNPATH_SEARCH_PATHS = (
					"$(inherited)",
					"@executable_path/Frameworks",
					"@loader_path/Frameworks",
				);
				PRODUCT_BUNDLE_IDENTIFIER = io.github.thomasebsmith.CallowUITests;
				PRODUCT_NAME = "$(TARGET_NAME)";
				SWIFT_VERSION = 4.2;
				TARGETED_DEVICE_FAMILY = "1,2";
				TEST_TARGET_NAME = Callow;
			};
			name = Release;
		};
/* End XCBuildConfiguration section */

/* Begin XCConfigurationList section */
		E93F53732148B54900872B02 /* Build configuration list for PBXProject "Callow" */ = {
			isa = XCConfigurationList;
			buildConfigurations = (
				E93F539E2148B54B00872B02 /* Debug */,
				E93F539F2148B54B00872B02 /* Release */,
			);
			defaultConfigurationIsVisible = 0;
			defaultConfigurationName = Release;
		};
		E93F53A02148B54B00872B02 /* Build configuration list for PBXNativeTarget "Callow" */ = {
			isa = XCConfigurationList;
			buildConfigurations = (
				E93F53A12148B54B00872B02 /* Debug */,
				E93F53A22148B54B00872B02 /* Release */,
			);
			defaultConfigurationIsVisible = 0;
			defaultConfigurationName = Release;
		};
		E93F53A32148B54B00872B02 /* Build configuration list for PBXNativeTarget "CallowTests" */ = {
			isa = XCConfigurationList;
			buildConfigurations = (
				E93F53A42148B54B00872B02 /* Debug */,
				E93F53A52148B54B00872B02 /* Release */,
			);
			defaultConfigurationIsVisible = 0;
			defaultConfigurationName = Release;
		};
		E93F53A62148B54B00872B02 /* Build configuration list for PBXNativeTarget "CallowUITests" */ = {
			isa = XCConfigurationList;
			buildConfigurations = (
				E93F53A72148B54B00872B02 /* Debug */,
				E93F53A82148B54B00872B02 /* Release */,
			);
			defaultConfigurationIsVisible = 0;
			defaultConfigurationName = Release;
		};
/* End XCConfigurationList section */
	};
	rootObject = E93F53702148B54900872B02 /* Project object */;
}
